
Microsoft Visual Studio Solution File, Format Version 12.00
# Visual Studio Version 17
VisualStudioVersion = 17.5.002.0
MinimumVisualStudioVersion = 10.0.40219.1
Project("{9A19103F-16F7-4668-BE54-9A1E7A4F7556}") = "bim360assets", "bim360assets\bim360assets.csproj", "{0EC7A618-2E34-4A3A-A494-301DAE4D54C2}"
EndProject
Global
	GlobalSection(SolutionConfigurationPlatforms) = preSolution
		Debug|Any CPU = Debug|Any CPU
		Release|Any CPU = Release|Any CPU
	EndGlobalSection
	GlobalSection(ProjectConfigurationPlatforms) = postSolution
		{0EC7A618-2E34-4A3A-A494-301DAE4D54C2}.Debug|Any CPU.ActiveCfg = Debug|Any CPU
		{0EC7A618-2E34-4A3A-A494-301DAE4D54C2}.Debug|Any CPU.Build.0 = Debug|Any CPU
		{0EC7A618-2E34-4A3A-A494-301DAE4D54C2}.Release|Any CPU.ActiveCfg = Release|Any CPU
		{0EC7A618-2E34-4A3A-A494-301DAE4D54C2}.Release|Any CPU.Build.0 = Release|Any CPU
	EndGlobalSection
	GlobalSection(SolutionProperties) = preSolution
		HideSolutionNode = FALSE
	EndGlobalSection
	GlobalSection(ExtensibilityGlobals) = postSolution
		SolutionGuid = {8D5094DF-B625-4788-8100-200C8265A87B}
	EndGlobalSection
EndGlobal
